Microsoft Visual Studio Solution File, Format Version 12.00
# Visual Studio Version 17
VisualStudioVersion = 17.5.2.0
MinimumVisualStudioVersion = 10.0.40219.1
Project("{FAE04EC0-301F-11D3-BF4B-00C04F79EFBC}") = "ValApp", "ValApp.csproj", "{7D88ABB6-BAC9-CA67-AEA4-C823FC621295}"
EndProject
Global
	GlobalSection(SolutionConfigurationPlatforms) = preSolution
		Debug|Any CPU = Debug|Any CPU
		Release|Any CPU = Release|Any CPU
	EndGlobalSection
	GlobalSection(ProjectConfigurationPlatforms) = postSolution
		{7D88ABB6-BAC9-CA67-AEA4-C823FC621295}.Debug|Any CPU.ActiveCfg = Debug|Any CPU
		{7D88ABB6-BAC9-CA67-AEA4-C823FC621295}.Debug|Any CPU.Build.0 = Debug|Any CPU
		{7D88ABB6-BAC9-CA67-AEA4-C823FC621295}.Release|Any CPU.ActiveCfg = Release|Any CPU
		{7D88ABB6-BAC9-CA67-AEA4-C823FC621295}.Release|Any CPU.Build.0 = Release|Any CPU
	EndGlobalSection
	GlobalSection(SolutionProperties) = preSolution
		HideSolutionNode = FALSE
	EndGlobalSection
	GlobalSection(ExtensibilityGlobals) = postSolution
		SolutionGuid = {BC66E69F-59E3-4788-AAF8-A9CAB6886DD7}
	EndGlobalSection
EndGlobal
