Microsoft Visual Studio Solution File, Format Version 12.00
# Visual Studio Version 17
VisualStudioVersion = 17.5.2.0
MinimumVisualStudioVersion = 10.0.40219.1
Project("{FAE04EC0-301F-11D3-BF4B-00C04F79EFBC}") = "Uppgift2", "Uppgift2.csproj", "{2DDE2AB6-965D-CDAA-BDE9-62653190F23E}"
EndProject
Global
	GlobalSection(SolutionConfigurationPlatforms) = preSolution
		Debug|Any CPU = Debug|Any CPU
		Release|Any CPU = Release|Any CPU
	EndGlobalSection
	GlobalSection(ProjectConfigurationPlatforms) = postSolution
		{2DDE2AB6-965D-CDAA-BDE9-62653190F23E}.Debug|Any CPU.ActiveCfg = Debug|Any CPU
		{2DDE2AB6-965D-CDAA-BDE9-62653190F23E}.Debug|Any CPU.Build.0 = Debug|Any CPU
		{2DDE2AB6-965D-CDAA-BDE9-62653190F23E}.Release|Any CPU.ActiveCfg = Release|Any CPU
		{2DDE2AB6-965D-CDAA-BDE9-62653190F23E}.Release|Any CPU.Build.0 = Release|Any CPU
	EndGlobalSection
	GlobalSection(SolutionProperties) = preSolution
		HideSolutionNode = FALSE
	EndGlobalSection
	GlobalSection(ExtensibilityGlobals) = postSolution
		SolutionGuid = {B6396044-ED72-480F-A618-E369B11E2F42}
	EndGlobalSection
EndGlobal
